<?xml version="1.0" encoding="utf-8"?>
<Project ToolsVersion="4.0" xmlns="http://schemas.microsoft.com/developer/msbuild/2003">
  <ItemGroup>
    <Filter Include="Source Files">
      <UniqueIdentifier>{4FC737F1-C7A5-4376-A066-2A32D752A2FF}</UniqueIdentifier>
      <Extensions>cpp;c;cc;cxx;def;odl;idl;hpj;bat;asm;asmx</Extensions>
    </Filter>
    <Filter Include="Header Files">
      <UniqueIdentifier>{93995380-89BD-4b04-88EB-625FBE52EBFB}</UniqueIdentifier>
      <Extensions>h;hh;hpp;hxx;hm;inl;inc;ipp;xsd</Extensions>
    </Filter>
    <Filter Include="Resource Files">
      <UniqueIdentifier>{67DA6AB6-F800-4c08-8B7A-83BB121AAD01}</UniqueIdentifier>
      <Extensions>rc;ico;cur;bmp;dlg;rc2;rct;bin;rgs;gif;jpg;jpeg;jpe;resx;tiff;tif;png;wav;mfcribbon-ms</Extensions>
    </Filter>
  </ItemGroup>
  <ItemGroup>
    <ClInclude Include="EasyGraphics.h">
      <Filter>Header Files</Filter>
    </ClInclude>
    <ClInclude Include="Interface.h">
      <Filter>Header Files</Filter>
    </ClInclude>
    <ClInclude Include="Control.h">
      <Filter>Header Files</Filter>
    </ClInclude>
    <ClInclude Include="Element.h">
      <Filter>Header Files</Filter>
    </ClInclude>
    <ClInclude Include="ControlExpand.h">
      <Filter>Header Files</Filter>
    </ClInclude>
    <ClInclude Include="MenuUI.h">
      <Filter>Header Files</Filter>
    </ClInclude>
    <ClInclude Include="ControlPanel.h">
      <Filter>Header Files</Filter>
    </ClInclude>
    <ClInclude Include="Tool.h">
      <Filter>Header Files</Filter>
    </ClInclude>
    <ClInclude Include="Tools.h">
      <Filter>Header Files</Filter>
    </ClInclude>
    <ClInclude Include="ShapeTool.h">
      <Filter>Header Files</Filter>
    </ClInclude>
    <ClInclude Include="Canvas.h">
      <Filter>Header Files</Filter>
    </ClInclude>
    <ClInclude Include="BoundingArea.h">
      <Filter>Header Files</Filter>
    </ClInclude>
    <ClInclude Include="CanvasShape.h">
      <Filter>Header Files</Filter>
    </ClInclude>
    <ClInclude Include="MoveTool.h">
      <Filter>Header Files</Filter>
    </ClInclude>
    <ClInclude Include="ControlColour.h">
      <Filter>Header Files</Filter>
    </ClInclude>
    <ClInclude Include="ColourTool.h">
      <Filter>Header Files</Filter>
    </ClInclude>
    <ClInclude Include="DeleteTool.h">
      <Filter>Header Files</Filter>
    </ClInclude>
    <ClInclude Include="SaveTool.h">
      <Filter>Header Files</Filter>
    </ClInclude>
  </ItemGroup>
  <ItemGroup>
    <ClCompile Include="EasyGraphics.cpp">
      <Filter>Source Files</Filter>
    </ClCompile>
    <ClCompile Include="Interface.cpp">
      <Filter>Source Files</Filter>
    </ClCompile>
    <ClCompile Include="Main.cpp">
      <Filter>Source Files</Filter>
    </ClCompile>
    <ClCompile Include="Control.cpp">
      <Filter>Source Files</Filter>
    </ClCompile>
    <ClCompile Include="Element.cpp">
      <Filter>Source Files</Filter>
    </ClCompile>
    <ClCompile Include="ControlExpand.cpp">
      <Filter>Source Files</Filter>
    </ClCompile>
    <ClCompile Include="MenuUI.cpp">
      <Filter>Source Files</Filter>
    </ClCompile>
    <ClCompile Include="ControlPanel.cpp">
      <Filter>Source Files</Filter>
    </ClCompile>
    <ClCompile Include="Tool.cpp">
      <Filter>Source Files</Filter>
    </ClCompile>
    <ClCompile Include="Tools.cpp">
      <Filter>Source Files</Filter>
    </ClCompile>
    <ClCompile Include="ShapeTool.cpp">
      <Filter>Source Files</Filter>
    </ClCompile>
    <ClCompile Include="Canvas.cpp">
      <Filter>Source Files</Filter>
    </ClCompile>
    <ClCompile Include="BoundingArea.cpp">
      <Filter>Source Files</Filter>
    </ClCompile>
    <ClCompile Include="CanvasShape.cpp">
      <Filter>Source Files</Filter>
    </ClCompile>
    <ClCompile Include="MoveTool.cpp">
      <Filter>Source Files</Filter>
    </ClCompile>
    <ClCompile Include="ControlColour.cpp">
      <Filter>Source Files</Filter>
    </ClCompile>
    <ClCompile Include="ColourTool.cpp">
      <Filter>Source Files</Filter>
    </ClCompile>
    <ClCompile Include="DeleteTool.cpp">
      <Filter>Source Files</Filter>
    </ClCompile>
    <ClCompile Include="SaveTool.cpp">
      <Filter>Source Files</Filter>
    </ClCompile>
  </ItemGroup>
  <ItemGroup>
    <Image Include="Btn_Shapes_Hover.bmp">
      <Filter>Resource Files</Filter>
    </Image>
    <Image Include="Btn_Shapes.bmp">
      <Filter>Resource Files</Filter>
    </Image>
    <Image Include="Btn_Bin.bmp">
      <Filter>Resource Files</Filter>
    </Image>
    <Image Include="Btn_Bin_Hover.bmp">
      <Filter>Resource Files</Filter>
    </Image>
    <Image Include="Btn_Fill.bmp">
      <Filter>Resource Files</Filter>
    </Image>
    <Image Include="Btn_Fill_Hover.bmp">
      <Filter>Resource Files</Filter>
    </Image>
    <Image Include="Btn_Load.bmp">
      <Filter>Resource Files</Filter>
    </Image>
    <Image Include="Btn_Load_Hover.bmp">
      <Filter>Resource Files</Filter>
    </Image>
    <Image Include="Btn_Move.bmp">
      <Filter>Resource Files</Filter>
    </Image>
    <Image Include="Btn_Move_Hover.bmp">
      <Filter>Resource Files</Filter>
    </Image>
    <Image Include="Btn_Outline.bmp">
      <Filter>Resource Files</Filter>
    </Image>
    <Image Include="Btn_Outline_Hover.bmp">
      <Filter>Resource Files</Filter>
    </Image>
    <Image Include="Btn_Save.bmp">
      <Filter>Resource Files</Filter>
    </Image>
    <Image Include="Btn_Save_Hover.bmp">
      <Filter>Resource Files</Filter>
    </Image>
    <Image Include="Btn_Circle.bmp">
      <Filter>Resource Files</Filter>
    </Image>
    <Image Include="Btn_Circle_Hover.bmp">
      <Filter>Resource Files</Filter>
    </Image>
    <Image Include="Btn_Line.bmp">
      <Filter>Resource Files</Filter>
    </Image>
    <Image Include="Btn_Line_Hover.bmp">
      <Filter>Resource Files</Filter>
    </Image>
    <Image Include="Btn_Square.bmp">
      <Filter>Resource Files</Filter>
    </Image>
    <Image Include="Btn_Square_Hover.bmp">
      <Filter>Resource Files</Filter>
    </Image>
    <Image Include="Icon_Circle.bmp">
      <Filter>Resource Files</Filter>
    </Image>
    <Image Include="Icon_Line.bmp">
      <Filter>Resource Files</Filter>
    </Image>
    <Image Include="Icon_Rect.bmp">
      <Filter>Resource Files</Filter>
    </Image>
    <Image Include="Icon_Move.bmp">
      <Filter>Resource Files</Filter>
    </Image>
    <Image Include="Icon_Fill.bmp">
      <Filter>Resource Files</Filter>
    </Image>
    <Image Include="Icon_FillLine.bmp">
      <Filter>Resource Files</Filter>
    </Image>
  </ItemGroup>
</Project>